
Microsoft Visual Studio Solution File, Format Version 12.00
# Visual Studio 15
VisualStudioVersion = 15.0.28010.2050
MinimumVisualStudioVersion = 10.0.40219.1
Project("{8BC9CEB8-8B4A-11D0-8D11-00A0C91BC942}") = "ArrayInt", "ArrayInt\ArrayInt.vcxproj", "{E2916712-3453-4926-BC3B-2339F1DBA827}"
EndProject
Global
	GlobalSection(SolutionConfigurationPlatforms) = preSolution
		Debug|x64 = Debug|x64
		Debug|x86 = Debug|x86
		Release|x64 = Release|x64
		Release|x86 = Release|x86
	EndGlobalSection
	GlobalSection(ProjectConfigurationPlatforms) = postSolution
		{E2916712-3453-4926-BC3B-2339F1DBA827}.Debug|x64.ActiveCfg = Debug|x64
		{E2916712-3453-4926-BC3B-2339F1DBA827}.Debug|x64.Build.0 = Debug|x64
		{E2916712-3453-4926-BC3B-2339F1DBA827}.Debug|x86.ActiveCfg = Debug|Win32
		{E2916712-3453-4926-BC3B-2339F1DBA827}.Debug|x86.Build.0 = Debug|Win32
		{E2916712-3453-4926-BC3B-2339F1DBA827}.Release|x64.ActiveCfg = Release|x64
		{E2916712-3453-4926-BC3B-2339F1DBA827}.Release|x64.Build.0 = Release|x64
		{E2916712-3453-4926-BC3B-2339F1DBA827}.Release|x86.ActiveCfg = Release|Win32
		{E2916712-3453-4926-BC3B-2339F1DBA827}.Release|x86.Build.0 = Release|Win32
	EndGlobalSection
	GlobalSection(SolutionProperties) = preSolution
		HideSolutionNode = FALSE
	EndGlobalSection
	GlobalSection(ExtensibilityGlobals) = postSolution
		SolutionGuid = {2D33A9E4-096B-40C4-89A7-15FFC0D79F26}
	EndGlobalSection
EndGlobal
