
Microsoft Visual Studio Solution File, Format Version 12.00
# Visual Studio 15
VisualStudioVersion = 15.0.28010.2050
MinimumVisualStudioVersion = 10.0.40219.1
Project("{8BC9CEB8-8B4A-11D0-8D11-00A0C91BC942}") = "Project4", "Project4\Project4.vcxproj", "{AC46670E-C831-4471-B924-8379DB9AB00C}"
EndProject
Global
	GlobalSection(SolutionConfigurationPlatforms) = preSolution
		Debug|x64 = Debug|x64
		Debug|x86 = Debug|x86
		Release|x64 = Release|x64
		Release|x86 = Release|x86
	EndGlobalSection
	GlobalSection(ProjectConfigurationPlatforms) = postSolution
		{AC46670E-C831-4471-B924-8379DB9AB00C}.Debug|x64.ActiveCfg = Debug|x64
		{AC46670E-C831-4471-B924-8379DB9AB00C}.Debug|x64.Build.0 = Debug|x64
		{AC46670E-C831-4471-B924-8379DB9AB00C}.Debug|x86.ActiveCfg = Debug|Win32
		{AC46670E-C831-4471-B924-8379DB9AB00C}.Debug|x86.Build.0 = Debug|Win32
		{AC46670E-C831-4471-B924-8379DB9AB00C}.Release|x64.ActiveCfg = Release|x64
		{AC46670E-C831-4471-B924-8379DB9AB00C}.Release|x64.Build.0 = Release|x64
		{AC46670E-C831-4471-B924-8379DB9AB00C}.Release|x86.ActiveCfg = Release|Win32
		{AC46670E-C831-4471-B924-8379DB9AB00C}.Release|x86.Build.0 = Release|Win32
	EndGlobalSection
	GlobalSection(SolutionProperties) = preSolution
		HideSolutionNode = FALSE
	EndGlobalSection
	GlobalSection(ExtensibilityGlobals) = postSolution
		SolutionGuid = {124B8182-CA39-4D62-8D14-62A725DC4A31}
	EndGlobalSection
EndGlobal
